PODS:
  - Amplify (1.6.0):
    - Amplify/Default (= 1.6.0)
  - Amplify/Default (1.6.0)
  - AmplifyPlugins/AWSAPIPlugin (1.6.0):
    - AppSyncRealTimeClient (~> 1.4.0)
    - AWSCore (~> 2.22.0)
    - AWSPluginsCore (= 1.6.0)
  - AmplifyPlugins/AWSDataStorePlugin (1.6.0):
    - AWSCore (~> 2.22.0)
    - AWSPluginsCore (= 1.6.0)
    - SQLite.swift (~> 0.12.0)
  - AppSyncRealTimeClient (1.4.3):
    - Starscream (~> 3.1.0)
  - AWSCore (2.22.3)
  - AWSPluginsCore (1.6.0):
    - Amplify (= 1.6.0)
    - AWSCore (~> 2.22.0)
  - GoogleDataTransport (8.2.0):
    - nanopb (~> 2.30907.0)
  - GoogleMLKit/MLKitCore (2.0.0):
    - MLKitCommon (~> 2.0.0)
  - GoogleMLKit/PoseDetection (2.0.0):
    - GoogleMLKit/MLKitCore
    - MLKitPoseDetection (~> 1.0.0-beta2)
  - GoogleMLKit/PoseDetectionAccurate (2.0.0):
    - GoogleMLKit/MLKitCore
    - MLKitPoseDetectionAccurate (~> 1.0.0-beta2)
  - GoogleToolboxForMac/DebugUtils (2.3.1):
    - GoogleToolboxForMac/Defines (= 2.3.1)
  - GoogleToolboxForMac/Defines (2.3.1)
  - GoogleToolboxForMac/Logger (2.3.1):
    - GoogleToolboxForMac/Defines (= 2.3.1)
  - "GoogleToolboxForMac/NSData+zlib (2.3.1)":
    - GoogleToolboxForMac/Defines (= 2.3.1)
  - "GoogleToolboxForMac/NSDictionary+URLArguments (2.3.1)":
    - GoogleToolboxForMac/DebugUtils (= 2.3.1)
    - GoogleToolboxForMac/Defines (= 2.3.1)
    - "GoogleToolboxForMac/NSString+URLArguments (= 2.3.1)"
  - "GoogleToolboxForMac/NSString+URLArguments (2.3.1)"
  - GoogleUtilities/Environment (7.2.2):
    - PromisesObjC (~> 1.2)
  - GoogleUtilities/Logger (7.2.2):
    - GoogleUtilities/Environment
  - GoogleUtilities/UserDefaults (7.2.2):
    - GoogleUtilities/Logger
  - GoogleUtilitiesComponents (1.0.0):
    - GoogleUtilities/Logger
  - GTMSessionFetcher/Core (1.5.0)
  - MLKitCommon (2.0.0):
    - GoogleDataTransport (~> 8.0)
    - GoogleToolboxForMac/Logger (~> 2.1)
    - "GoogleToolboxForMac/NSData+zlib (~> 2.1)"
    - "GoogleToolboxForMac/NSDictionary+URLArguments (~> 2.1)"
    - GoogleUtilities/UserDefaults (~> 7.0)
    - GoogleUtilitiesComponents (~> 1.0)
    - GTMSessionFetcher/Core (~> 1.1)
    - Protobuf (~> 3.12)
  - MLKitPoseDetection (1.0.0-beta2):
    - MLKitCommon (~> 2.0)
    - MLKitPoseDetectionCommon (= 1.0.0-beta2)
    - MLKitXenoCommon (= 1.0.0-beta2)
  - MLKitPoseDetectionAccurate (1.0.0-beta2):
    - MLKitCommon (~> 2.0)
    - MLKitPoseDetectionCommon (= 1.0.0-beta2)
    - MLKitXenoCommon (= 1.0.0-beta2)
  - MLKitPoseDetectionCommon (1.0.0-beta2):
    - MLKitCommon (~> 2.0)
    - MLKitXenoCommon (= 1.0.0-beta2)
  - MLKitVision (1.1.0):
    - GoogleToolboxForMac/Logger (~> 2.1)
    - "GoogleToolboxForMac/NSData+zlib (~> 2.1)"
    - GTMSessionFetcher/Core (~> 1.1)
    - MLKitCommon (~> 2.0)
    - Protobuf (~> 3.12)
  - MLKitXenoCommon (1.0.0-beta2):
    - MLKitCommon (~> 2.0)
    - MLKitVision (~> 1.1)
  - nanopb (2.30907.0):
    - nanopb/decode (= 2.30907.0)
    - nanopb/encode (= 2.30907.0)
  - nanopb/decode (2.30907.0)
  - nanopb/encode (2.30907.0)
  - PromisesObjC (1.2.12)
  - Protobuf (3.14.0)
  - SQLite.swift (0.12.2):
    - SQLite.swift/standard (= 0.12.2)
  - SQLite.swift/standard (0.12.2)
  - Starscream (3.1.1)

DEPENDENCIES:
  - Amplify
  - AmplifyPlugins/AWSAPIPlugin
  - AmplifyPlugins/AWSDataStorePlugin
  - GoogleMLKit/PoseDetection
  - GoogleMLKit/PoseDetectionAccurate

SPEC REPOS:
  trunk:
    - Amplify
    - AmplifyPlugins
    - AppSyncRealTimeClient
    - AWSCore
    - AWSPluginsCore
    - GoogleDataTransport
    - GoogleMLKit
    - GoogleToolboxForMac
    - GoogleUtilities
    - GoogleUtilitiesComponents
    - GTMSessionFetcher
    - MLKitCommon
    - MLKitPoseDetection
    - MLKitPoseDetectionAccurate
    - MLKitPoseDetectionCommon
    - MLKitVision
    - MLKitXenoCommon
    - nanopb
    - PromisesObjC
    - Protobuf
    - SQLite.swift
    - Starscream

SPEC CHECKSUMS:
  Amplify: fe8cbe6fcd0e6468f537bd49e6c3d15437442576
  AmplifyPlugins: 85fa4fa7d0eb78a4f4f44dcf107993a8c13fdf2a
  AppSyncRealTimeClient: 04df4dffe57cfbd06da336d0bfcd5641ba9adcb5
  AWSCore: c86b71ff60747c4058769af64ed871ebfae16ddb
  AWSPluginsCore: d21990b54729e2a95620922ea83e123adaa678cd
  GoogleDataTransport: 1024b1a4dfbd7a0e92cb20d7e0a6f1fb66b449a4
  GoogleMLKit: 2a9032170872c4464d516700a04661d6e5b98a77
  GoogleToolboxForMac: 471e0c05d39506e50e6398f46fa9a12ae0efeff9
  GoogleUtilities: 31c5b01f978a70c6cff2afc6272b3f1921614b43
  GoogleUtilitiesComponents: a69c0b3b369ba443e988141e75ef49d9010b1c80
  GTMSessionFetcher: b3503b20a988c4e20cc189aa798fd18220133f52
  MLKitCommon: 746a9b06e05a6a5dc9636a8ea376c3145f0a5338
  MLKitPoseDetection: 44db709f135855c74219fd39863065dbcb73ca63
  MLKitPoseDetectionAccurate: 224cb5b301717bbbdbd422ef938bd5319cde165b
  MLKitPoseDetectionCommon: 2f12d551f1bcc2c4c0d2bebf8fe1d2249e876d30
  MLKitVision: d8152c0ecdefb17ab680be0457f90ce9f3544f43
  MLKitXenoCommon: b9d61d5feb0de0e4e64cbb6ad9e95a4bd97b23bf
  nanopb: 59221d7f958fb711001e6a449489542d92ae113e
  PromisesObjC: 3113f7f76903778cf4a0586bd1ab89329a0b7b97
  Protobuf: 0cde852566359049847168e51bd1c690e0f70056
  SQLite.swift: d2b4642190917051ce6bd1d49aab565fe794eea3
  Starscream: 4bb2f9942274833f7b4d296a55504dcfc7edb7b0

PODFILE CHECKSUM: 4742ed2b608ca352e1f52fd3f8eb8d3b2f42e368

COCOAPODS: 1.10.0
